
Microsoft Visual Studio Solution File, Format Version 12.00
# Visual Studio Version 17
VisualStudioVersion = 17.1.32421.90
MinimumVisualStudioVersion = 10.0.40219.1
Project("{FAE04EC0-301F-11D3-BF4B-00C04F79EFBC}") = "Vehiculos", "Vehiculos.csproj", "{8CAEF2A3-D25F-4619-8905-F52676C67BEC}"
EndProject
Global
	GlobalSection(SolutionConfigurationPlatforms) = preSolution
		Debug|Any CPU = Debug|Any CPU
		Release|Any CPU = Release|Any CPU
	EndGlobalSection
	GlobalSection(ProjectConfigurationPlatforms) = postSolution
		{8CAEF2A3-D25F-4619-8905-F52676C67BEC}.Debug|Any CPU.ActiveCfg = Debug|Any CPU
		{8CAEF2A3-D25F-4619-8905-F52676C67BEC}.Debug|Any CPU.Build.0 = Debug|Any CPU
		{8CAEF2A3-D25F-4619-8905-F52676C67BEC}.Release|Any CPU.ActiveCfg = Release|Any CPU
		{8CAEF2A3-D25F-4619-8905-F52676C67BEC}.Release|Any CPU.Build.0 = Release|Any CPU
	EndGlobalSection
	GlobalSection(SolutionProperties) = preSolution
		HideSolutionNode = FALSE
	EndGlobalSection
	GlobalSection(ExtensibilityGlobals) = postSolution
		SolutionGuid = {4753E2C8-01B8-49AA-A780-011AAD6706B7}
	EndGlobalSection
EndGlobal
